<?xml version="1.0" encoding="utf-8"?>
<Project ToolsVersion="4.0" xmlns="http://schemas.microsoft.com/developer/msbuild/2003">
  <ItemGroup>
    <Filter Include="Source Files">
      <UniqueIdentifier>{4FC737F1-C7A5-4376-A066-2A32D752A2FF}</UniqueIdentifier>
      <Extensions>cpp;c;cc;cxx;def;odl;idl;hpj;bat;asm;asmx</Extensions>
    </Filter>
    <Filter Include="Header Files">
      <UniqueIdentifier>{93995380-89BD-4b04-88EB-625FBE52EBFB}</UniqueIdentifier>
      <Extensions>h;hpp;hxx;hm;inl;inc;xsd</Extensions>
    </Filter>
    <Filter Include="Resource Files">
      <UniqueIdentifier>{67DA6AB6-F800-4c08-8B7A-83BB121AAD01}</UniqueIdentifier>
      <Extensions>rc;ico;cur;bmp;dlg;rc2;rct;bin;rgs;gif;jpg;jpeg;jpe;resx;tiff;tif;png;wav;mfcribbon-ms</Extensions>
    </Filter>
    <Filter Include="Lex">
      <UniqueIdentifier>{56037b32-f25b-4880-acbc-e9a8b1861370}</UniqueIdentifier>
    </Filter>
    <Filter Include="Yacc">
      <UniqueIdentifier>{863b1b84-d823-4bf5-ac58-924fc1d38d33}</UniqueIdentifier>
    </Filter>
    <Filter Include="Header Files %28generated%29">
      <UniqueIdentifier>{ef9f0e23-e726-4392-94af-eeb5a99b62f4}</UniqueIdentifier>
    </Filter>
    <Filter Include="Source Files %28generated%29">
      <UniqueIdentifier>{47d75a4f-3877-45f2-8e7c-784e1f18f200}</UniqueIdentifier>
    </Filter>
    <Filter Include="Example Input">
      <UniqueIdentifier>{25590f83-f19c-427c-a92f-9d4f0609fdbd}</UniqueIdentifier>
    </Filter>
  </ItemGroup>
  <ItemGroup>
    <None Include=".gitignore" />
    <None Include="Makefile" />
    <None Include="myAvrAsm.l">
      <Filter>Lex</Filter>
    </None>
    <None Include="myAvrAsm.y">
      <Filter>Yacc</Filter>
    </None>
    <None Include="runLexAndYacc.bat" />
    <None Include="example\m16def.inc">
      <Filter>Example Input</Filter>
    </None>
    <None Include="example\AVRAssembler1.asm">
      <Filter>Example Input</Filter>
    </None>
  </ItemGroup>
  <ItemGroup>
    <ClInclude Include="InputFileRecord.h">
      <Filter>Header Files</Filter>
    </ClInclude>
    <ClInclude Include="myAvrAsm.tab.h">
      <Filter>Header Files %28generated%29</Filter>
    </ClInclude>
  </ItemGroup>
  <ItemGroup>
    <ClCompile Include="myAvrAsm.cpp">
      <Filter>Source Files</Filter>
    </ClCompile>
    <ClCompile Include="myAvrAsm.tab.c">
      <Filter>Source Files %28generated%29</Filter>
    </ClCompile>
    <ClCompile Include="lex.yy.c">
      <Filter>Source Files %28generated%29</Filter>
    </ClCompile>
  </ItemGroup>
</Project>